// !$*UTF8*$!
{
	archiveVersion = 1;
	classes = {
	};
	objectVersion = 46;
	objects = {

/* Begin PBXBuildFile section */
		7BA8A42F1ECC4F400083C419 /* CG2.cpp in Sources */ = {isa = PBXBuildFile; fileRef = 7BA8A42E1ECC4F400083C419 /* CG2.cpp */; };
		7BA8A4651ECC607C0083C419 /* Agencia.cpp in Sources */ = {isa = PBXBuildFile; fileRef = 7BA8A44C1ECC607C0083C419 /* Agencia.cpp */; };
		7BA8A4661ECC607C0083C419 /* Cidade.cpp in Sources */ = {isa = PBXBuildFile; fileRef = 7BA8A44E1ECC607C0083C419 /* Cidade.cpp */; };
		7BA8A4671ECC607C0083C419 /* Cliente.cpp in Sources */ = {isa = PBXBuildFile; fileRef = 7BA8A4501ECC607C0083C419 /* Cliente.cpp */; };
		7BA8A4681ECC607C0083C419 /* connection.cpp in Sources */ = {isa = PBXBuildFile; fileRef = 7BA8A4521ECC607C0083C419 /* connection.cpp */; };
		7BA8A4691ECC607C0083C419 /* Data.cpp in Sources */ = {isa = PBXBuildFile; fileRef = 7BA8A4561ECC607C0083C419 /* Data.cpp */; };
		7BA8A46A1ECC607C0083C419 /* Estadia.cpp in Sources */ = {isa = PBXBuildFile; fileRef = 7BA8A4591ECC607C0083C419 /* Estadia.cpp */; };
		7BA8A46B1ECC607C0083C419 /* FichaJUNG.cpp in Sources */ = {isa = PBXBuildFile; fileRef = 7BA8A45B1ECC607C0083C419 /* FichaJUNG.cpp */; };
		7BA8A46C1ECC607C0083C419 /* graphviewer.cpp in Sources */ = {isa = PBXBuildFile; fileRef = 7BA8A45D1ECC607C0083C419 /* graphviewer.cpp */; };
		7BA8A46D1ECC607C0083C419 /* Hora.cpp in Sources */ = {isa = PBXBuildFile; fileRef = 7BA8A45F1ECC607C0083C419 /* Hora.cpp */; };
		7BA8A46E1ECC607C0083C419 /* Transporte.cpp in Sources */ = {isa = PBXBuildFile; fileRef = 7BA8A4611ECC607C0083C419 /* Transporte.cpp */; };
		7BA8A46F1ECC607C0083C419 /* Viagem.cpp in Sources */ = {isa = PBXBuildFile; fileRef = 7BA8A4631ECC607C0083C419 /* Viagem.cpp */; };
		7BA8A4751ECC60930083C419 /* GraphViewerController.jar in Frameworks */ = {isa = PBXBuildFile; fileRef = 7BA8A4741ECC60930083C419 /* GraphViewerController.jar */; };
/* End PBXBuildFile section */

/* Begin PBXCopyFilesBuildPhase section */
		7BA8A4291ECC4F400083C419 /* CopyFiles */ = {
			isa = PBXCopyFilesBuildPhase;
			buildActionMask = 2147483647;
			dstPath = /usr/share/man/man1/;
			dstSubfolderSpec = 0;
			files = (
			);
			runOnlyForDeploymentPostprocessing = 1;
		};
/* End PBXCopyFilesBuildPhase section */

/* Begin PBXFileReference section */
		7BA8A42B1ECC4F400083C419 /* CG2 */ = {isa = PBXFileReference; explicitFileType = "compiled.mach-o.executable"; includeInIndex = 0; path = CG2; sourceTree = BUILT_PRODUCTS_DIR; };
		7BA8A42E1ECC4F400083C419 /* CG2.cpp */ = {isa = PBXFileReference; lastKnownFileType = sourcecode.cpp.cpp; path = CG2.cpp; sourceTree = "<group>"; };
		7BA8A44C1ECC607C0083C419 /* Agencia.cpp */ = {isa = PBXFileReference; fileEncoding = 4; lastKnownFileType = sourcecode.cpp.cpp; path = Agencia.cpp; sourceTree = "<group>"; };
		7BA8A44D1ECC607C0083C419 /* Agencia.h */ = {isa = PBXFileReference; fileEncoding = 4; lastKnownFileType = sourcecode.c.h; path = Agencia.h; sourceTree = "<group>"; };
		7BA8A44E1ECC607C0083C419 /* Cidade.cpp */ = {isa = PBXFileReference; fileEncoding = 4; lastKnownFileType = sourcecode.cpp.cpp; path = Cidade.cpp; sourceTree = "<group>"; };
		7BA8A44F1ECC607C0083C419 /* Cidade.h */ = {isa = PBXFileReference; fileEncoding = 4; lastKnownFileType = sourcecode.c.h; path = Cidade.h; sourceTree = "<group>"; };
		7BA8A4501ECC607C0083C419 /* Cliente.cpp */ = {isa = PBXFileReference; fileEncoding = 4; lastKnownFileType = sourcecode.cpp.cpp; path = Cliente.cpp; sourceTree = "<group>"; };
		7BA8A4511ECC607C0083C419 /* Cliente.h */ = {isa = PBXFileReference; fileEncoding = 4; lastKnownFileType = sourcecode.c.h; path = Cliente.h; sourceTree = "<group>"; };
		7BA8A4521ECC607C0083C419 /* connection.cpp */ = {isa = PBXFileReference; fileEncoding = 4; lastKnownFileType = sourcecode.cpp.cpp; path = connection.cpp; sourceTree = "<group>"; };
		7BA8A4531ECC607C0083C419 /* connection.h */ = {isa = PBXFileReference; fileEncoding = 4; lastKnownFileType = sourcecode.c.h; path = connection.h; sourceTree = "<group>"; };
		7BA8A4541ECC607C0083C419 /* Coordenadas.h */ = {isa = PBXFileReference; fileEncoding = 4; lastKnownFileType = sourcecode.c.h; path = Coordenadas.h; sourceTree = "<group>"; };
		7BA8A4551ECC607C0083C419 /* DadosGraph.h */ = {isa = PBXFileReference; fileEncoding = 4; lastKnownFileType = sourcecode.c.h; path = DadosGraph.h; sourceTree = "<group>"; };
		7BA8A4561ECC607C0083C419 /* Data.cpp */ = {isa = PBXFileReference; fileEncoding = 4; lastKnownFileType = sourcecode.cpp.cpp; path = Data.cpp; sourceTree = "<group>"; };
		7BA8A4571ECC607C0083C419 /* Data.h */ = {isa = PBXFileReference; fileEncoding = 4; lastKnownFileType = sourcecode.c.h; path = Data.h; sourceTree = "<group>"; };
		7BA8A4581ECC607C0083C419 /* edgetype.h */ = {isa = PBXFileReference; fileEncoding = 4; lastKnownFileType = sourcecode.c.h; path = edgetype.h; sourceTree = "<group>"; };
		7BA8A4591ECC607C0083C419 /* Estadia.cpp */ = {isa = PBXFileReference; fileEncoding = 4; lastKnownFileType = sourcecode.cpp.cpp; path = Estadia.cpp; sourceTree = "<group>"; };
		7BA8A45A1ECC607C0083C419 /* Estadia.h */ = {isa = PBXFileReference; fileEncoding = 4; lastKnownFileType = sourcecode.c.h; path = Estadia.h; sourceTree = "<group>"; };
		7BA8A45B1ECC607C0083C419 /* FichaJUNG.cpp */ = {isa = PBXFileReference; fileEncoding = 4; lastKnownFileType = sourcecode.cpp.cpp; path = FichaJUNG.cpp; sourceTree = "<group>"; };
		7BA8A45C1ECC607C0083C419 /* Graph.h */ = {isa = PBXFileReference; fileEncoding = 4; lastKnownFileType = sourcecode.c.h; path = Graph.h; sourceTree = "<group>"; };
		7BA8A45D1ECC607C0083C419 /* graphviewer.cpp */ = {isa = PBXFileReference; fileEncoding = 4; lastKnownFileType = sourcecode.cpp.cpp; path = graphviewer.cpp; sourceTree = "<group>"; };
		7BA8A45E1ECC607C0083C419 /* graphviewer.h */ = {isa = PBXFileReference; fileEncoding = 4; lastKnownFileType = sourcecode.c.h; path = graphviewer.h; sourceTree = "<group>"; };
		7BA8A45F1ECC607C0083C419 /* Hora.cpp */ = {isa = PBXFileReference; fileEncoding = 4; lastKnownFileType = sourcecode.cpp.cpp; path = Hora.cpp; sourceTree = "<group>"; };
		7BA8A4601ECC607C0083C419 /* Hora.h */ = {isa = PBXFileReference; fileEncoding = 4; lastKnownFileType = sourcecode.c.h; path = Hora.h; sourceTree = "<group>"; };
		7BA8A4611ECC607C0083C419 /* Transporte.cpp */ = {isa = PBXFileReference; fileEncoding = 4; lastKnownFileType = sourcecode.cpp.cpp; path = Transporte.cpp; sourceTree = "<group>"; };
		7BA8A4621ECC607C0083C419 /* Transporte.h */ = {isa = PBXFileReference; fileEncoding = 4; lastKnownFileType = sourcecode.c.h; path = Transporte.h; sourceTree = "<group>"; };
		7BA8A4631ECC607C0083C419 /* Viagem.cpp */ = {isa = PBXFileReference; fileEncoding = 4; lastKnownFileType = sourcecode.cpp.cpp; path = Viagem.cpp; sourceTree = "<group>"; };
		7BA8A4641ECC607C0083C419 /* Viagem.h */ = {isa = PBXFileReference; fileEncoding = 4; lastKnownFileType = sourcecode.c.h; path = Viagem.h; sourceTree = "<group>"; };
		7BA8A4701ECC60930083C419 /* aviao.txt */ = {isa = PBXFileReference; fileEncoding = 4; lastKnownFileType = text; path = aviao.txt; sourceTree = "<group>"; };
		7BA8A4711ECC60930083C419 /* cidades.txt */ = {isa = PBXFileReference; fileEncoding = 4; lastKnownFileType = text; path = cidades.txt; sourceTree = "<group>"; };
		7BA8A4721ECC60930083C419 /* clientes.txt */ = {isa = PBXFileReference; fileEncoding = 4; lastKnownFileType = text; path = clientes.txt; sourceTree = "<group>"; };
		7BA8A4731ECC60930083C419 /* escala200km.png */ = {isa = PBXFileReference; lastKnownFileType = image.png; path = escala200km.png; sourceTree = "<group>"; };
		7BA8A4741ECC60930083C419 /* GraphViewerController.jar */ = {isa = PBXFileReference; lastKnownFileType = archive.jar; path = GraphViewerController.jar; sourceTree = "<group>"; };
/* End PBXFileReference section */

/* Begin PBXFrameworksBuildPhase section */
		7BA8A4281ECC4F400083C419 /* Frameworks */ = {
			isa = PBXFrameworksBuildPhase;
			buildActionMask = 2147483647;
			files = (
				7BA8A4751ECC60930083C419 /* GraphViewerController.jar in Frameworks */,
			);
			runOnlyForDeploymentPostprocessing = 0;
		};
/* End PBXFrameworksBuildPhase section */

/* Begin PBXGroup section */
		7BA8A4221ECC4F400083C419 = {
			isa = PBXGroup;
			children = (
				7BA8A4701ECC60930083C419 /* aviao.txt */,
				7BA8A4711ECC60930083C419 /* cidades.txt */,
				7BA8A4721ECC60930083C419 /* clientes.txt */,
				7BA8A4731ECC60930083C419 /* escala200km.png */,
				7BA8A4741ECC60930083C419 /* GraphViewerController.jar */,
				7BA8A42D1ECC4F400083C419 /* CG2 */,
				7BA8A42C1ECC4F400083C419 /* Products */,
			);
			sourceTree = "<group>";
		};
		7BA8A42C1ECC4F400083C419 /* Products */ = {
			isa = PBXGroup;
			children = (
				7BA8A42B1ECC4F400083C419 /* CG2 */,
			);
			name = Products;
			sourceTree = "<group>";
		};
		7BA8A42D1ECC4F400083C419 /* CG2 */ = {
			isa = PBXGroup;
			children = (
				7BA8A44C1ECC607C0083C419 /* Agencia.cpp */,
				7BA8A44D1ECC607C0083C419 /* Agencia.h */,
				7BA8A44E1ECC607C0083C419 /* Cidade.cpp */,
				7BA8A44F1ECC607C0083C419 /* Cidade.h */,
				7BA8A4501ECC607C0083C419 /* Cliente.cpp */,
				7BA8A4511ECC607C0083C419 /* Cliente.h */,
				7BA8A4521ECC607C0083C419 /* connection.cpp */,
				7BA8A4531ECC607C0083C419 /* connection.h */,
				7BA8A4541ECC607C0083C419 /* Coordenadas.h */,
				7BA8A4551ECC607C0083C419 /* DadosGraph.h */,
				7BA8A4561ECC607C0083C419 /* Data.cpp */,
				7BA8A4571ECC607C0083C419 /* Data.h */,
				7BA8A4581ECC607C0083C419 /* edgetype.h */,
				7BA8A4591ECC607C0083C419 /* Estadia.cpp */,
				7BA8A45A1ECC607C0083C419 /* Estadia.h */,
				7BA8A45B1ECC607C0083C419 /* FichaJUNG.cpp */,
				7BA8A45C1ECC607C0083C419 /* Graph.h */,
				7BA8A45D1ECC607C0083C419 /* graphviewer.cpp */,
				7BA8A45E1ECC607C0083C419 /* graphviewer.h */,
				7BA8A45F1ECC607C0083C419 /* Hora.cpp */,
				7BA8A4601ECC607C0083C419 /* Hora.h */,
				7BA8A4611ECC607C0083C419 /* Transporte.cpp */,
				7BA8A4621ECC607C0083C419 /* Transporte.h */,
				7BA8A4631ECC607C0083C419 /* Viagem.cpp */,
				7BA8A4641ECC607C0083C419 /* Viagem.h */,
				7BA8A42E1ECC4F400083C419 /* CG2.cpp */,
			);
			path = CG2;
			sourceTree = "<group>";
		};
/* End PBXGroup section */

/* Begin PBXNativeTarget section */
		7BA8A42A1ECC4F400083C419 /* CG2 */ = {
			isa = PBXNativeTarget;
			buildConfigurationList = 7BA8A4321ECC4F400083C419 /* Build configuration list for PBXNativeTarget "CG2" */;
			buildPhases = (
				7BA8A4271ECC4F400083C419 /* Sources */,
				7BA8A4281ECC4F400083C419 /* Frameworks */,
				7BA8A4291ECC4F400083C419 /* CopyFiles */,
			);
			buildRules = (
			);
			dependencies = (
			);
			name = CG2;
			productName = CG2;
			productReference = 7BA8A42B1ECC4F400083C419 /* CG2 */;
			productType = "com.apple.product-type.tool";
		};
/* End PBXNativeTarget section */

/* Begin PBXProject section */
		7BA8A4231ECC4F400083C419 /* Project object */ = {
			isa = PBXProject;
			attributes = {
				LastUpgradeCheck = 0830;
				ORGANIZATIONNAME = "Beatriz de Henriques Martins";
				TargetAttributes = {
					7BA8A42A1ECC4F400083C419 = {
						CreatedOnToolsVersion = 8.3.1;
						ProvisioningStyle = Automatic;
					};
				};
			};
			buildConfigurationList = 7BA8A4261ECC4F400083C419 /* Build configuration list for PBXProject "CG2" */;
			compatibilityVersion = "Xcode 3.2";
			developmentRegion = English;
			hasScannedForEncodings = 0;
			knownRegions = (
				en,
			);
			mainGroup = 7BA8A4221ECC4F400083C419;
			productRefGroup = 7BA8A42C1ECC4F400083C419 /* Products */;
			projectDirPath = "";
			projectRoot = "";
			targets = (
				7BA8A42A1ECC4F400083C419 /* CG2 */,
			);
		};
/* End PBXProject section */

/* Begin PBXSourcesBuildPhase section */
		7BA8A4271ECC4F400083C419 /* Sources */ = {
			isa = PBXSourcesBuildPhase;
			buildActionMask = 2147483647;
			files = (
				7BA8A4671ECC607C0083C419 /* Cliente.cpp in Sources */,
				7BA8A4681ECC607C0083C419 /* connection.cpp in Sources */,
				7BA8A46A1ECC607C0083C419 /* Estadia.cpp in Sources */,
				7BA8A4661ECC607C0083C419 /* Cidade.cpp in Sources */,
				7BA8A46F1ECC607C0083C419 /* Viagem.cpp in Sources */,
				7BA8A4691ECC607C0083C419 /* Data.cpp in Sources */,
				7BA8A46B1ECC607C0083C419 /* FichaJUNG.cpp in Sources */,
				7BA8A46C1ECC607C0083C419 /* graphviewer.cpp in Sources */,
				7BA8A4651ECC607C0083C419 /* Agencia.cpp in Sources */,
				7BA8A46E1ECC607C0083C419 /* Transporte.cpp in Sources */,
				7BA8A42F1ECC4F400083C419 /* CG2.cpp in Sources */,
				7BA8A46D1ECC607C0083C419 /* Hora.cpp in Sources */,
			);
			runOnlyForDeploymentPostprocessing = 0;
		};
/* End PBXSourcesBuildPhase section */

/* Begin XCBuildConfiguration section */
		7BA8A4301ECC4F400083C419 /* Debug */ = {
			isa = XCBuildConfiguration;
			buildSettings = {
				ALWAYS_SEARCH_USER_PATHS = NO;
				CLANG_ANALYZER_NONNULL = YES;
				CLANG_ANALYZER_NUMBER_OBJECT_CONVERSION = YES_AGGRESSIVE;
				CLANG_CXX_LANGUAGE_STANDARD = "gnu++0x";
				CLANG_CXX_LIBRARY = "libc++";
				CLANG_ENABLE_MODULES = YES;
				CLANG_ENABLE_OBJC_ARC = YES;
				CLANG_WARN_BOOL_CONVERSION = YES;
				CLANG_WARN_CONSTANT_CONVERSION = YES;
				CLANG_WARN_DIRECT_OBJC_ISA_USAGE = YES_ERROR;
				CLANG_WARN_DOCUMENTATION_COMMENTS = YES;
				CLANG_WARN_EMPTY_BODY = YES;
				CLANG_WARN_ENUM_CONVERSION = YES;
				CLANG_WARN_INFINITE_RECURSION = YES;
				CLANG_WARN_INT_CONVERSION = YES;
				CLANG_WARN_OBJC_ROOT_CLASS = YES_ERROR;
				CLANG_WARN_SUSPICIOUS_MOVE = YES;
				CLANG_WARN_UNREACHABLE_CODE = YES;
				CLANG_WARN__DUPLICATE_METHOD_MATCH = YES;
				CODE_SIGN_IDENTITY = "-";
				COPY_PHASE_STRIP = NO;
				DEBUG_INFORMATION_FORMAT = dwarf;
				ENABLE_STRICT_OBJC_MSGSEND = YES;
				ENABLE_TESTABILITY = YES;
				GCC_C_LANGUAGE_STANDARD = gnu99;
				GCC_DYNAMIC_NO_PIC = NO;
				GCC_NO_COMMON_BLOCKS = YES;
				GCC_OPTIMIZATION_LEVEL = 0;
				GCC_PREPROCESSOR_DEFINITIONS = (
					"DEBUG=1",
					"$(inherited)",
				);
				GCC_WARN_64_TO_32_BIT_CONVERSION = YES;
				GCC_WARN_ABOUT_RETURN_TYPE = YES_ERROR;
				GCC_WARN_UNDECLARED_SELECTOR = YES;
				GCC_WARN_UNINITIALIZED_AUTOS = YES_AGGRESSIVE;
				GCC_WARN_UNUSED_FUNCTION = YES;
				GCC_WARN_UNUSED_VARIABLE = YES;
				MACOSX_DEPLOYMENT_TARGET = 10.12;
				MTL_ENABLE_DEBUG_INFO = YES;
				ONLY_ACTIVE_ARCH = YES;
				SDKROOT = macosx;
			};
			name = Debug;
		};
		7BA8A4311ECC4F400083C419 /* Release */ = {
			isa = XCBuildConfiguration;
			buildSettings = {
				ALWAYS_SEARCH_USER_PATHS = NO;
				CLANG_ANALYZER_NONNULL = YES;
				CLANG_ANALYZER_NUMBER_OBJECT_CONVERSION = YES_AGGRESSIVE;
				CLANG_CXX_LANGUAGE_STANDARD = "gnu++0x";
				CLANG_CXX_LIBRARY = "libc++";
				CLANG_ENABLE_MODULES = YES;
				CLANG_ENABLE_OBJC_ARC = YES;
				CLANG_WARN_BOOL_CONVERSION = YES;
				CLANG_WARN_CONSTANT_CONVERSION = YES;
				CLANG_WARN_DIRECT_OBJC_ISA_USAGE = YES_ERROR;
				CLANG_WARN_DOCUMENTATION_COMMENTS = YES;
				CLANG_WARN_EMPTY_BODY = YES;
				CLANG_WARN_ENUM_CONVERSION = YES;
				CLANG_WARN_INFINITE_RECURSION = YES;
				CLANG_WARN_INT_CONVERSION = YES;
				CLANG_WARN_OBJC_ROOT_CLASS = YES_ERROR;
				CLANG_WARN_SUSPICIOUS_MOVE = YES;
				CLANG_WARN_UNREACHABLE_CODE = YES;
				CLANG_WARN__DUPLICATE_METHOD_MATCH = YES;
				CODE_SIGN_IDENTITY = "-";
				COPY_PHASE_STRIP = NO;
				DEBUG_INFORMATION_FORMAT = "dwarf-with-dsym";
				ENABLE_NS_ASSERTIONS = NO;
				ENABLE_STRICT_OBJC_MSGSEND = YES;
				GCC_C_LANGUAGE_STANDARD = gnu99;
				GCC_NO_COMMON_BLOCKS = YES;
				GCC_WARN_64_TO_32_BIT_CONVERSION = YES;
				GCC_WARN_ABOUT_RETURN_TYPE = YES_ERROR;
				GCC_WARN_UNDECLARED_SELECTOR = YES;
				GCC_WARN_UNINITIALIZED_AUTOS = YES_AGGRESSIVE;
				GCC_WARN_UNUSED_FUNCTION = YES;
				GCC_WARN_UNUSED_VARIABLE = YES;
				MACOSX_DEPLOYMENT_TARGET = 10.12;
				MTL_ENABLE_DEBUG_INFO = NO;
				SDKROOT = macosx;
			};
			name = Release;
		};
		7BA8A4331ECC4F400083C419 /* Debug */ = {
			isa = XCBuildConfiguration;
			buildSettings = {
				PRODUCT_NAME = "$(TARGET_NAME)";
			};
			name = Debug;
		};
		7BA8A4341ECC4F400083C419 /* Release */ = {
			isa = XCBuildConfiguration;
			buildSettings = {
				PRODUCT_NAME = "$(TARGET_NAME)";
			};
			name = Release;
		};
/* End XCBuildConfiguration section */

/* Begin XCConfigurationList section */
		7BA8A4261ECC4F400083C419 /* Build configuration list for PBXProject "CG2" */ = {
			isa = XCConfigurationList;
			buildConfigurations = (
				7BA8A4301ECC4F400083C419 /* Debug */,
				7BA8A4311ECC4F400083C419 /* Release */,
			);
			defaultConfigurationIsVisible = 0;
			defaultConfigurationName = Release;
		};
		7BA8A4321ECC4F400083C419 /* Build configuration list for PBXNativeTarget "CG2" */ = {
			isa = XCConfigurationList;
			buildConfigurations = (
				7BA8A4331ECC4F400083C419 /* Debug */,
				7BA8A4341ECC4F400083C419 /* Release */,
			);
			defaultConfigurationIsVisible = 0;
		};
/* End XCConfigurationList section */
	};
	rootObject = 7BA8A4231ECC4F400083C419 /* Project object */;
}
